
Microsoft Visual Studio Solution File, Format Version 12.00
# Visual Studio Version 17
VisualStudioVersion = 17.0.31903.59
MinimumVisualStudioVersion = 10.0.40219.1
Project("{9A19103F-16F7-4668-BE54-9A1E7A4F7556}") = "QuebraGalho.Relatorios", "QuebraGalho.Relatorios\QuebraGalho.Relatorios.csproj", "{637CCC50-96FF-40B2-A0F0-6FFAC4EFAC3F}"
EndProject
Project("{9A19103F-16F7-4668-BE54-9A1E7A4F7556}") = "QuebraGalho.ConsomeWebService", "QuebraGalho.ConsomeWebService\QuebraGalho.ConsomeWebService.csproj", "{D2A0EB6E-0C61-483F-AFC8-24B48E98DD84}"
EndProject
Project("{FAE04EC0-301F-11D3-BF4B-00C04F79EFBC}") = "QuebraGalho.Core", "QuebraGalho.Core\QuebraGalho.Core.csproj", "{38CE0227-D69B-442C-9242-EA9C47F0814F}"
EndProject
Project("{FAE04EC0-301F-11D3-BF4B-00C04F79EFBC}") = "QuebraGalho.Infrastructure", "QuebraGalho.Infrastructure\QuebraGalho.Infrastructure.csproj", "{694CC52F-8B44-4400-B40E-8926EF158F00}"
EndProject
Global
	GlobalSection(SolutionConfigurationPlatforms) = preSolution
		Debug|Any CPU = Debug|Any CPU
		Release|Any CPU = Release|Any CPU
	EndGlobalSection
	GlobalSection(ProjectConfigurationPlatforms) = postSolution
		{637CCC50-96FF-40B2-A0F0-6FFAC4EFAC3F}.Debug|Any CPU.ActiveCfg = Debug|Any CPU
		{637CCC50-96FF-40B2-A0F0-6FFAC4EFAC3F}.Debug|Any CPU.Build.0 = Debug|Any CPU
		{637CCC50-96FF-40B2-A0F0-6FFAC4EFAC3F}.Release|Any CPU.ActiveCfg = Release|Any CPU
		{637CCC50-96FF-40B2-A0F0-6FFAC4EFAC3F}.Release|Any CPU.Build.0 = Release|Any CPU
		{D2A0EB6E-0C61-483F-AFC8-24B48E98DD84}.Debug|Any CPU.ActiveCfg = Debug|Any CPU
		{D2A0EB6E-0C61-483F-AFC8-24B48E98DD84}.Debug|Any CPU.Build.0 = Debug|Any CPU
		{D2A0EB6E-0C61-483F-AFC8-24B48E98DD84}.Release|Any CPU.ActiveCfg = Release|Any CPU
		{D2A0EB6E-0C61-483F-AFC8-24B48E98DD84}.Release|Any CPU.Build.0 = Release|Any CPU
		{38CE0227-D69B-442C-9242-EA9C47F0814F}.Debug|Any CPU.ActiveCfg = Debug|Any CPU
		{38CE0227-D69B-442C-9242-EA9C47F0814F}.Debug|Any CPU.Build.0 = Debug|Any CPU
		{38CE0227-D69B-442C-9242-EA9C47F0814F}.Release|Any CPU.ActiveCfg = Release|Any CPU
		{38CE0227-D69B-442C-9242-EA9C47F0814F}.Release|Any CPU.Build.0 = Release|Any CPU
		{694CC52F-8B44-4400-B40E-8926EF158F00}.Debug|Any CPU.ActiveCfg = Debug|Any CPU
		{694CC52F-8B44-4400-B40E-8926EF158F00}.Debug|Any CPU.Build.0 = Debug|Any CPU
		{694CC52F-8B44-4400-B40E-8926EF158F00}.Release|Any CPU.ActiveCfg = Release|Any CPU
		{694CC52F-8B44-4400-B40E-8926EF158F00}.Release|Any CPU.Build.0 = Release|Any CPU
	EndGlobalSection
	GlobalSection(SolutionProperties) = preSolution
		HideSolutionNode = FALSE
	EndGlobalSection
	GlobalSection(ExtensibilityGlobals) = postSolution
		SolutionGuid = {2540BEAC-63AC-4718-8942-826A47BC026C}
	EndGlobalSection
EndGlobal
